
Microsoft Visual Studio Solution File, Format Version 12.00
# Visual Studio 14
VisualStudioVersion = 14.0.25420.1
MinimumVisualStudioVersion = 10.0.40219.1
Project("{FAE04EC0-301F-11D3-BF4B-00C04F79EFBC}") = "SearchMyHome", "SearchMyHome\SearchMyHome.csproj", "{F07D00C8-2EF3-4414-9B84-4D403DC8F224}"
EndProject
Project("{FAE04EC0-301F-11D3-BF4B-00C04F79EFBC}") = "SearchMyHome.DataAccess", "SearchMyHome.DataAccess\SearchMyHome.DataAccess.csproj", "{A88BDE65-04D9-421E-AF08-1B6F722CF8FA}"
EndProject
Project("{FAE04EC0-301F-11D3-BF4B-00C04F79EFBC}") = "SearchMyHome.Services", "SearchMyHome.Services\SearchMyHome.Services.csproj", "{AB8FCD83-6809-4591-9F90-A4EBDC8F5508}"
EndProject
Global
	GlobalSection(SolutionConfigurationPlatforms) = preSolution
		Debug|Any CPU = Debug|Any CPU
		Release|Any CPU = Release|Any CPU
	EndGlobalSection
	GlobalSection(ProjectConfigurationPlatforms) = postSolution
		{F07D00C8-2EF3-4414-9B84-4D403DC8F224}.Debug|Any CPU.ActiveCfg = Debug|Any CPU
		{F07D00C8-2EF3-4414-9B84-4D403DC8F224}.Debug|Any CPU.Build.0 = Debug|Any CPU
		{F07D00C8-2EF3-4414-9B84-4D403DC8F224}.Release|Any CPU.ActiveCfg = Release|Any CPU
		{F07D00C8-2EF3-4414-9B84-4D403DC8F224}.Release|Any CPU.Build.0 = Release|Any CPU
		{A88BDE65-04D9-421E-AF08-1B6F722CF8FA}.Debug|Any CPU.ActiveCfg = Debug|Any CPU
		{A88BDE65-04D9-421E-AF08-1B6F722CF8FA}.Debug|Any CPU.Build.0 = Debug|Any CPU
		{A88BDE65-04D9-421E-AF08-1B6F722CF8FA}.Release|Any CPU.ActiveCfg = Release|Any CPU
		{A88BDE65-04D9-421E-AF08-1B6F722CF8FA}.Release|Any CPU.Build.0 = Release|Any CPU
		{AB8FCD83-6809-4591-9F90-A4EBDC8F5508}.Debug|Any CPU.ActiveCfg = Debug|Any CPU
		{AB8FCD83-6809-4591-9F90-A4EBDC8F5508}.Debug|Any CPU.Build.0 = Debug|Any CPU
		{AB8FCD83-6809-4591-9F90-A4EBDC8F5508}.Release|Any CPU.ActiveCfg = Release|Any CPU
		{AB8FCD83-6809-4591-9F90-A4EBDC8F5508}.Release|Any CPU.Build.0 = Release|Any CPU
	EndGlobalSection
	GlobalSection(SolutionProperties) = preSolution
		HideSolutionNode = FALSE
	EndGlobalSection
EndGlobal
